
Microsoft Visual Studio Solution File, Format Version 12.00
# Visual Studio 15
VisualStudioVersion = 15.0.28307.136
MinimumVisualStudioVersion = 10.0.40219.1
Project("{FAE04EC0-301F-11D3-BF4B-00C04F79EFBC}") = "OdeToFood", "OdeToFood\OdeToFood.csproj", "{80C8BC9C-A5A4-441B-A671-CEF355C7E4BB}"
EndProject
Global
	GlobalSection(SolutionConfigurationPlatforms) = preSolution
		Debug|Any CPU = Debug|Any CPU
		Release|Any CPU = Release|Any CPU
	EndGlobalSection
	GlobalSection(ProjectConfigurationPlatforms) = postSolution
		{80C8BC9C-A5A4-441B-A671-CEF355C7E4BB}.Debug|Any CPU.ActiveCfg = Debug|Any CPU
		{80C8BC9C-A5A4-441B-A671-CEF355C7E4BB}.Debug|Any CPU.Build.0 = Debug|Any CPU
		{80C8BC9C-A5A4-441B-A671-CEF355C7E4BB}.Release|Any CPU.ActiveCfg = Release|Any CPU
		{80C8BC9C-A5A4-441B-A671-CEF355C7E4BB}.Release|Any CPU.Build.0 = Release|Any CPU
	EndGlobalSection
	GlobalSection(SolutionProperties) = preSolution
		HideSolutionNode = FALSE
	EndGlobalSection
	GlobalSection(ExtensibilityGlobals) = postSolution
		SolutionGuid = {313C51BB-EC0F-4874-8C24-B8CA37292466}
	EndGlobalSection
EndGlobal
